# This file is automatically @generated by Poetry 1.8.3 and should not be changed by hand.

[[package]]
name = "bidict"
version = "0.23.1"
description = "The bidirectional mapping library for Python."
optional = false
python-versions = ">=3.8"
files = [
    {file = "bidict-0.23.1-py3-none-any.whl", hash = "sha256:5dae8d4d79b552a71cbabc7deb25dfe8ce710b17ff41711e13010ead2abfc3e5"},
    {file = "bidict-0.23.1.tar.gz", hash = "sha256:03069d763bc387bbd20e7d49914e75fc4132a41937fa3405417e1a5a2d006d71"},
]

[[package]]
name = "multimethod"
version = "1.12"
description = "Multiple argument dispatching."
optional = false
python-versions = ">=3.9"
files = [
    {file = "multimethod-1.12-py3-none-any.whl", hash = "sha256:fd0c473c43558908d97cc06e4d68e8f69202f167db46f7b4e4058893e7dbdf60"},
    {file = "multimethod-1.12.tar.gz", hash = "sha256:8db8ef2a8d2a247e3570cc23317680892fdf903d84c8c1053667c8e8f7671a67"},
]

[[package]]
name = "perlin-noise"
version = "1.13"
description = "Python implementation for Perlin Noise with unlimited coordinates space"
optional = false
python-versions = "*"
files = [
    {file = "perlin_noise-1.13-py3-none-any.whl", hash = "sha256:09f274c8da38f5a2a48b1626032a1b7738990df758a3bc7549ff3464869c6ca4"},
    {file = "perlin_noise-1.13.tar.gz", hash = "sha256:0e0f074743336fbe9cf2cdbdeb74c75d43780a8b3cbc3415859cd396ab4da177"},
]

[[package]]
name = "pygame-ce"
version = "2.5.2.dev2"
description = "Python Game Development"
optional = false
python-versions = ">=3.8"
files = [
    {file = "pygame_ce-2.5.2.dev2-cp310-cp310-macosx_10_11_x86_64.whl", hash = "sha256:510335b0c492f4bbf5a87c9053bff0f644eb22d3c40ab35797b4c138d369190e"},
    {file = "pygame_ce-2.5.2.dev2-cp310-cp310-macosx_11_0_arm64.whl", hash = "sha256:4686a321ea6563358b8ea1a0d214428a7c62a4499c6333d2d933e5cfe08e60c2"},
    {file = "pygame_ce-2.5.2.dev2-cp310-cp310-manylinux_2_17_aarch64.manylinux2014_aarch64.whl", hash = "sha256:c67417ff446ea7a51be4b29a93f4361ef1dc2e819dea8d3d04006903591d4c02"},
    {file = "pygame_ce-2.5.2.dev2-cp310-cp310-manylinux_2_17_i686.manylinux2014_i686.whl", hash = "sha256:2a5de5c4593efae4c1278f35f252f47eeb6f8d5144d39a70561650cb39c054a1"},
    {file = "pygame_ce-2.5.2.dev2-cp310-cp310-manylinux_2_17_x86_64.manylinux2014_x86_64.whl", hash = "sha256:9b1f28157a3f15d836618e6378f65aaac3d20a3ee3d62d662823d748e6d13cfb"},
    {file = "pygame_ce-2.5.2.dev2-cp310-cp310-win32.whl", hash = "sha256:225c6d4731ce20dae02133861d4010d5387a02d745bf8aeb619623ca64b3bada"},
    {file = "pygame_ce-2.5.2.dev2-cp310-cp310-win_amd64.whl", hash = "sha256:0fe44d0136ed1875a41640d3a9c14ac984254532fa2578bf151ef1bf388fbcb1"},
    {file = "pygame_ce-2.5.2.dev2-cp311-cp311-macosx_10_11_x86_64.whl", hash = "sha256:fdd043e3b3604b394e38aaf883dd879864891336ead4592950e6202fcdafee10"},
    {file = "pygame_ce-2.5.2.dev2-cp311-cp311-macosx_11_0_arm64.whl", hash = "sha256:160a05238104a515ceab4950b603dac161ce794ed4b64a0c4f90375cb279f366"},
    {file = "pygame_ce-2.5.2.dev2-cp311-cp311-manylinux_2_17_aarch64.manylinux2014_aarch64.whl", hash = "sha256:1a06833bac1265c63e8cea317230d66e0e436fa94358697fd2449d4d6a2de36e"},
    {file = "pygame_ce-2.5.2.dev2-cp311-cp311-manylinux_2_17_i686.manylinux2014_i686.whl", hash = "sha256:7bd97b3a2d82ec72a9f68b912df69e13ba06015100bc0851e75bda31345f513e"},
    {file = "pygame_ce-2.5.2.dev2-cp311-cp311-manylinux_2_17_x86_64.manylinux2014_x86_64.whl", hash = "sha256:2980f31bc7349fe671323241c2a13e541dd81c3cedb9ff12169dcece98dc0075"},
    {file = "pygame_ce-2.5.2.dev2-cp311-cp311-win32.whl", hash = "sha256:7c9b16f3004ee50dc45d79270e57de861837e04908397ec7223105b529d37018"},
    {file = "pygame_ce-2.5.2.dev2-cp311-cp311-win_amd64.whl", hash = "sha256:ebe682ec8e5ba3b23996c1acc7e4f4dcb4ab3b9e9ca19503d0bca44024018e1f"},
    {file = "pygame_ce-2.5.2.dev2-cp312-cp312-macosx_10_13_x86_64.whl", hash = "sha256:9f5348719a7b5fbd341fe7d17553d7dd599855363a612bf107bc7053c029cd66"},
    {file = "pygame_ce-2.5.2.dev2-cp312-cp312-macosx_11_0_arm64.whl", hash = "sha256:18283710ca71efa8bdbd449096227e6edb271d6805817471c92c1d3a830b88e4"},
    {file = "pygame_ce-2.5.2.dev2-cp312-cp312-manylinux_2_17_aarch64.manylinux2014_aarch64.whl", hash = "sha256:2b633b75ef43ccd90d887dc3cd4a6a95eed60f05a91109ee2a520d8cfd342c3c"},
    {file = "pygame_ce-2.5.2.dev2-cp312-cp312-manylinux_2_17_i686.manylinux2014_i686.whl", hash = "sha256:3dce8d8f97d369d9d33c478699a854544e12428ea5a403d313e4dffa308c5d48"},
    {file = "pygame_ce-2.5.2.dev2-cp312-cp312-manylinux_2_17_x86_64.manylinux2014_x86_64.whl", hash = "sha256:3f3f1a5047141ce605761dbb6881765d8307c457e6ec6b32a795f76bcbdbb556"},
    {file = "pygame_ce-2.5.2.dev2-cp312-cp312-win32.whl", hash = "sha256:651a8a389fcfd6924c1b2a52aea34795ef06da49c9c723d30ef4efff49c00db1"},
    {file = "pygame_ce-2.5.2.dev2-cp312-cp312-win_amd64.whl", hash = "sha256:77117bffbe244a3039fc363205d3de7f30dc9ef21dbf7a84de754172ffeda006"},
    {file = "pygame_ce-2.5.2.dev2-cp313-cp313-macosx_10_13_x86_64.whl", hash = "sha256:cd72aa6d482af7ada87442c64bfd9ca71a9634c32e24b09a63abbce33d7d91d1"},
    {file = "pygame_ce-2.5.2.dev2-cp313-cp313-macosx_11_0_arm64.whl", hash = "sha256:167ddf06ea6150be2d3002ff4a8609a85ef2c4420fed330829045047884b4a50"},
    {file = "pygame_ce-2.5.2.dev2-cp313-cp313-manylinux_2_17_aarch64.manylinux2014_aarch64.whl", hash = "sha256:95b78fde8d46eb3a0101c7855b642fd84ff58ddf476be5cdc1644be31fb25713"},
    {file = "pygame_ce-2.5.2.dev2-cp313-cp313-manylinux_2_17_i686.manylinux2014_i686.whl", hash = "sha256:8e1ed554c8967333fa378da4d58ea9aee51ed6799d773971d2d04e1501c09a77"},
    {file = "pygame_ce-2.5.2.dev2-cp313-cp313-manylinux_2_17_x86_64.manylinux2014_x86_64.whl", hash = "sha256:ddd66075a47649121d286e7ad05abd4bc8b896b4d2ff0d37b189d2065e33033e"},
    {file = "pygame_ce-2.5.2.dev2-cp313-cp313-win32.whl", hash = "sha256:b6928632e9e31788a72601c18c98b4e8adab137b4d371fc38d7afd5eac43a94c"},
    {file = "pygame_ce-2.5.2.dev2-cp313-cp313-win_amd64.whl", hash = "sha256:f39e878a983a0361fe2b829d210d474e941b85465f108dadb59a9c2d8ccbba02"},
    {file = "pygame_ce-2.5.2.dev2-cp38-cp38-macosx_10_11_x86_64.whl", hash = "sha256:67de321986820ada6b773aaa7535730831115145705517f75393b5e5cd5427d3"},
    {file = "pygame_ce-2.5.2.dev2-cp38-cp38-macosx_11_0_arm64.whl", hash = "sha256:6972d9cd71064930ec83fef34d32ef42f66a329c15bb085965063970dd5572a2"},
    {file = "pygame_ce-2.5.2.dev2-cp38-cp38-manylinux_2_17_aarch64.manylinux2014_aarch64.whl", hash = "sha256:7f914d0a20eaf33db5e3004227b150fd940896adb44fe66df50ca330768fec31"},
    {file = "pygame_ce-2.5.2.dev2-cp38-cp38-manylinux_2_17_i686.manylinux2014_i686.whl", hash = "sha256:f1d83673d141a924164ee3ff364fd2fd9c22c24328e0a2694a7f268244feb3d7"},
    {file = "pygame_ce-2.5.2.dev2-cp38-cp38-manylinux_2_17_x86_64.manylinux2014_x86_64.whl", hash = "sha256:15f1015f5ca9eab0172af8aca53b3835440494b6f8b66ce6a82ba2807f25dc57"},
    {file = "pygame_ce-2.5.2.dev2-cp38-cp38-win32.whl", hash = "sha256:73a6714f51856a36a3779aa2d58eb7b73baeea481fa78b7d9150c74926399899"},
    {file = "pygame_ce-2.5.2.dev2-cp38-cp38-win_amd64.whl", hash = "sha256:27a75b52b45a694739e4b78c8fcc1343803d96ecb968ca02750e29e9e9765875"},
    {file = "pygame_ce-2.5.2.dev2-cp39-cp39-macosx_10_11_x86_64.whl", hash = "sha256:8d171ad2ca76c636fd785f0420b6a1a6d1823042f9fbaebe193f7f308078dc1e"},
    {file = "pygame_ce-2.5.2.dev2-cp39-cp39-macosx_11_0_arm64.whl", hash = "sha256:a69825f2014e2c6772b7696aa467d548ec864d242caa4e79655a7fc2343a4aed"},
    {file = "pygame_ce-2.5.2.dev2-cp39-cp39-manylinux_2_17_aarch64.manylinux2014_aarch64.whl", hash = "sha256:8377f3d5a5c1be5e34698748c54f2fe5d2b52117954665577fe5c1fb1369fb45"},
    {file = "pygame_ce-2.5.2.dev2-cp39-cp39-manylinux_2_17_i686.manylinux2014_i686.whl", hash = "sha256:57c690441c4584c73401957ba323f81179981a5278450f89170fed7d14057968"},
    {file = "pygame_ce-2.5.2.dev2-cp39-cp39-manylinux_2_17_x86_64.manylinux2014_x86_64.whl", hash = "sha256:41000b72c8bd264502993af5e5055154f4cef77cf56c235980e7869997fa43a8"},
    {file = "pygame_ce-2.5.2.dev2-cp39-cp39-win32.whl", hash = "sha256:0d2bd527eaeebd3c55105c210d006772b442b256246b1bd2f2fd366663a9215a"},
    {file = "pygame_ce-2.5.2.dev2-cp39-cp39-win_amd64.whl", hash = "sha256:64dd67e7d21d665d81a821a004596ac0ac2df4908e012133c96e23e1e20ff45b"},
    {file = "pygame_ce-2.5.2.dev2-pp310-pypy310_pp73-macosx_10_15_x86_64.whl", hash = "sha256:a2bd2c786f20c870790833d3e8ba9d676b0edb52f6c809b7ab21a4072ffad720"},
    {file = "pygame_ce-2.5.2.dev2-pp310-pypy310_pp73-macosx_11_0_arm64.whl", hash = "sha256:9066f2b38010782bd841b088d188e422289fe0408503e1bbc1b1464f5c7083e3"},
    {file = "pygame_ce-2.5.2.dev2-pp310-pypy310_pp73-manylinux_2_17_aarch64.manylinux2014_aarch64.whl", hash = "sha256:c5cf226b104446e8de9036733e90b7b66e1d41268759a0cab3294b86bedc3d55"},
    {file = "pygame_ce-2.5.2.dev2-pp310-pypy310_pp73-manylinux_2_17_i686.manylinux2014_i686.whl", hash = "sha256:3188d6a849032c033226fb1a65a8d775f3606653625ffafe704323a2eacb1d88"},
    {file = "pygame_ce-2.5.2.dev2-pp310-pypy310_pp73-manylinux_2_17_x86_64.manylinux2014_x86_64.whl", hash = "sha256:e86a1ce83b439a7b22fcc5b6b9e7b29cd76e0181eb94c3583332b389aee1fed5"},
    {file = "pygame_ce-2.5.2.dev2-pp310-pypy310_pp73-win_amd64.whl", hash = "sha256:9292026520f2b924b5321b289d7e8ae6cf8f432430bf91478f4856ecc914c436"},
    {file = "pygame_ce-2.5.2.dev2-pp38-pypy38_pp73-macosx_10_11_x86_64.whl", hash = "sha256:77459f3616d40d3f5e46f8eeb3a561e94bc1e056366b12cd1e78fd52775055a8"},
    {file = "pygame_ce-2.5.2.dev2-pp38-pypy38_pp73-macosx_11_0_arm64.whl", hash = "sha256:b1968657878efe7decaaa21763195f24fdecac0cbb8c305d19a1c467f6d4372a"},
    {file = "pygame_ce-2.5.2.dev2-pp38-pypy38_pp73-manylinux_2_17_aarch64.manylinux2014_aarch64.whl", hash = "sha256:472be0330c1e0d9b4c893a6a92c93d22a81a996a1491ca6fe2802240baa2b587"},
    {file = "pygame_ce-2.5.2.dev2-pp38-pypy38_pp73-manylinux_2_17_i686.manylinux2014_i686.whl", hash = "sha256:a34ea62ebd781e13665948ccc84f806f3a7f00658546e9d8a21b05a30b03fefd"},
    {file = "pygame_ce-2.5.2.dev2-pp38-pypy38_pp73-manylinux_2_17_x86_64.manylinux2014_x86_64.whl", hash = "sha256:435a01520bf02b470690a6e07cc497b61faea98811259ab5fc1725af9fdc3fe6"},
    {file = "pygame_ce-2.5.2.dev2-pp38-pypy38_pp73-win_amd64.whl", hash = "sha256:735146e36dd04b83e9317e74e2c9d66454b6734a6f56f2be099e3ee976a3f072"},
    {file = "pygame_ce-2.5.2.dev2-pp39-pypy39_pp73-macosx_10_15_x86_64.whl", hash = "sha256:a00f337d04c3ed3ec910481f754114d5203eeb768b81450d7ae9b32fb1090715"},
    {file = "pygame_ce-2.5.2.dev2-pp39-pypy39_pp73-macosx_11_0_arm64.whl", hash = "sha256:d151503726cbd13d36c7d6ed950105279dd4aaefd631b883ce31c065d3d44f6c"},
    {file = "pygame_ce-2.5.2.dev2-pp39-pypy39_pp73-manylinux_2_17_aarch64.manylinux2014_aarch64.whl", hash = "sha256:7798b219c8c46582c7aeb928f10c59b433ac1331592f38d595dddbfaf4d3f3e5"},
    {file = "pygame_ce-2.5.2.dev2-pp39-pypy39_pp73-manylinux_2_17_i686.manylinux2014_i686.whl", hash = "sha256:18536a7e44b48bec61d85a4722e74d01e1da9483c936ff57a7f63972d564fc03"},
    {file = "pygame_ce-2.5.2.dev2-pp39-pypy39_pp73-manylinux_2_17_x86_64.manylinux2014_x86_64.whl", hash = "sha256:e363ac8a9e7e119b4fa350be3cefa5d999a45ba3e672adf9449d6ac0db6e6382"},
    {file = "pygame_ce-2.5.2.dev2-pp39-pypy39_pp73-win_amd64.whl", hash = "sha256:97519fdb02737fbe655e2286d875b8100d030393b516fbbf6be04441dee992a7"},
    {file = "pygame_ce-2.5.2.dev2.tar.gz", hash = "sha256:2a8a2d061856c1799f07d686eca77c3c9c6660fde04ac0c3505522be0fe9ab3c"},
]

[[package]]
name = "snakeviz"
version = "2.2.0"
description = "A web-based viewer for Python profiler output"
optional = false
python-versions = ">=3.7"
files = [
    {file = "snakeviz-2.2.0-py2.py3-none-any.whl", hash = "sha256:569e2d71c47f80a886aa6e70d6405cb6d30aa3520969ad956b06f824c5f02b8e"},
    {file = "snakeviz-2.2.0.tar.gz", hash = "sha256:7bfd00be7ae147eb4a170a471578e1cd3f41f803238958b6b8efcf2c698a6aa9"},
]

[package.dependencies]
tornado = ">=2.0"

[[package]]
name = "tornado"
version = "6.4.1"
description = "Tornado is a Python web framework and asynchronous networking library, originally developed at FriendFeed."
optional = false
python-versions = ">=3.8"
files = [
    {file = "tornado-6.4.1-cp38-abi3-macosx_10_9_universal2.whl", hash = "sha256:163b0aafc8e23d8cdc3c9dfb24c5368af84a81e3364745ccb4427669bf84aec8"},
    {file = "tornado-6.4.1-cp38-abi3-macosx_10_9_x86_64.whl", hash = "sha256:6d5ce3437e18a2b66fbadb183c1d3364fb03f2be71299e7d10dbeeb69f4b2a14"},
    {file = "tornado-6.4.1-cp38-abi3-manylinux_2_17_aarch64.manylinux2014_aarch64.whl", hash = "sha256:e2e20b9113cd7293f164dc46fffb13535266e713cdb87bd2d15ddb336e96cfc4"},
    {file = "tornado-6.4.1-cp38-abi3-manylinux_2_5_i686.manylinux1_i686.manylinux_2_17_i686.manylinux2014_i686.whl", hash = "sha256:8ae50a504a740365267b2a8d1a90c9fbc86b780a39170feca9bcc1787ff80842"},
    {file = "tornado-6.4.1-cp38-abi3-manylinux_2_5_x86_64.manylinux1_x86_64.manylinux_2_17_x86_64.manylinux2014_x86_64.whl", hash = "sha256:613bf4ddf5c7a95509218b149b555621497a6cc0d46ac341b30bd9ec19eac7f3"},
    {file = "tornado-6.4.1-cp38-abi3-musllinux_1_2_aarch64.whl", hash = "sha256:25486eb223babe3eed4b8aecbac33b37e3dd6d776bc730ca14e1bf93888b979f"},
    {file = "tornado-6.4.1-cp38-abi3-musllinux_1_2_i686.whl", hash = "sha256:454db8a7ecfcf2ff6042dde58404164d969b6f5d58b926da15e6b23817950fc4"},
    {file = "tornado-6.4.1-cp38-abi3-musllinux_1_2_x86_64.whl", hash = "sha256:a02a08cc7a9314b006f653ce40483b9b3c12cda222d6a46d4ac63bb6c9057698"},
    {file = "tornado-6.4.1-cp38-abi3-win32.whl", hash = "sha256:d9a566c40b89757c9aa8e6f032bcdb8ca8795d7c1a9762910c722b1635c9de4d"},
    {file = "tornado-6.4.1-cp38-abi3-win_amd64.whl", hash = "sha256:b24b8982ed444378d7f21d563f4180a2de31ced9d8d84443907a0a64da2072e7"},
    {file = "tornado-6.4.1.tar.gz", hash = "sha256:92d3ab53183d8c50f8204a51e6f91d18a15d5ef261e84d452800d4ff6fc504e9"},
]

[metadata]
lock-version = "2.0"
python-versions = "^3.12"
content-hash = "3bd22794c74c1e13ce2d6b84e71bd6bff66d6007f7ef3bbc666beaf1a99fbd46"
